
Microsoft Visual Studio Solution File, Format Version 12.00
# Visual Studio Version 16
VisualStudioVersion = 16.0.30907.101
MinimumVisualStudioVersion = 10.0.40219.1
Project("{9A19103F-16F7-4668-BE54-9A1E7A4F7556}") = "NorthwindPwa", "src\NorthwindPwa.csproj", "{6FD4E24C-513B-4CBD-AF52-F2A8696BC535}"
EndProject
Project("{2150E333-8FDC-42A3-9474-1A3956D46DE8}") = "src", "src", "{324EF5E0-ED79-40AD-A04F-EA0125AD4727}"
	ProjectSection(SolutionItems) = preProject
		src\App.razor = src\App.razor
	EndProjectSection
EndProject
Project("{2150E333-8FDC-42A3-9474-1A3956D46DE8}") = ".vs", ".vs", "{13BF13DE-2393-4B34-9C7C-E27909A90A55}"
EndProject
Project("{2150E333-8FDC-42A3-9474-1A3956D46DE8}") = "NorthwindPwa", "NorthwindPwa", "{9957D1CB-3BC4-496E-B5F1-6946C2E795C2}"
EndProject
Project("{2150E333-8FDC-42A3-9474-1A3956D46DE8}") = "v16", "v16", "{36B87436-D2FA-41AB-8132-B90559356CDA}"
EndProject
Project("{2150E333-8FDC-42A3-9474-1A3956D46DE8}") = "bin", "bin", "{580DF637-410A-45DD-BB06-6FA95E28BC4A}"
EndProject
Project("{2150E333-8FDC-42A3-9474-1A3956D46DE8}") = "Debug", "Debug", "{7CB7CA74-DF32-4CB8-8038-2358EA05BB45}"
EndProject
Project("{2150E333-8FDC-42A3-9474-1A3956D46DE8}") = "net5.0", "net5.0", "{4B596D17-FB11-47B4-81E6-CCBDF1B363FA}"
	ProjectSection(SolutionItems) = preProject
		src\bin\Debug\net5.0\NorthwindPwa.dll = src\bin\Debug\net5.0\NorthwindPwa.dll
		src\bin\Debug\net5.0\NorthwindPwa.pdb = src\bin\Debug\net5.0\NorthwindPwa.pdb
		src\bin\Debug\net5.0\NorthwindPwa.StaticWebAssets.xml = src\bin\Debug\net5.0\NorthwindPwa.StaticWebAssets.xml
	EndProjectSection
EndProject
Project("{2150E333-8FDC-42A3-9474-1A3956D46DE8}") = "ref", "ref", "{C4F8E11D-C1F9-483D-B8FB-C93AD137A12E}"
	ProjectSection(SolutionItems) = preProject
		src\bin\Debug\net5.0\ref\NorthwindPwa.dll = src\bin\Debug\net5.0\ref\NorthwindPwa.dll
	EndProjectSection
EndProject
Project("{2150E333-8FDC-42A3-9474-1A3956D46DE8}") = "wwwroot", "wwwroot", "{39763F40-732E-4E73-B4E9-E7EDA708BE63}"
	ProjectSection(SolutionItems) = preProject
		src\bin\Debug\net5.0\wwwroot\service-worker-assets.js = src\bin\Debug\net5.0\wwwroot\service-worker-assets.js
		src\bin\Debug\net5.0\wwwroot\service-worker.js = src\bin\Debug\net5.0\wwwroot\service-worker.js
	EndProjectSection
EndProject
Project("{2150E333-8FDC-42A3-9474-1A3956D46DE8}") = "_framework", "_framework", "{3ABDAD9F-15A3-44E5-8644-38204CD56ED3}"
	ProjectSection(SolutionItems) = preProject
		src\bin\Debug\net5.0\wwwroot\_framework\blazor.boot.json = src\bin\Debug\net5.0\wwwroot\_framework\blazor.boot.json
		src\bin\Debug\net5.0\wwwroot\_framework\blazor.webassembly.js = src\bin\Debug\net5.0\wwwroot\_framework\blazor.webassembly.js
		src\bin\Debug\net5.0\wwwroot\_framework\dotnet.5.0.2.js = src\bin\Debug\net5.0\wwwroot\_framework\dotnet.5.0.2.js
		src\bin\Debug\net5.0\wwwroot\_framework\dotnet.5.0.2.js.gz = src\bin\Debug\net5.0\wwwroot\_framework\dotnet.5.0.2.js.gz
		src\bin\Debug\net5.0\wwwroot\_framework\dotnet.timezones.blat = src\bin\Debug\net5.0\wwwroot\_framework\dotnet.timezones.blat
		src\bin\Debug\net5.0\wwwroot\_framework\dotnet.timezones.blat.gz = src\bin\Debug\net5.0\wwwroot\_framework\dotnet.timezones.blat.gz
		src\bin\Debug\net5.0\wwwroot\_framework\dotnet.wasm = src\bin\Debug\net5.0\wwwroot\_framework\dotnet.wasm
		src\bin\Debug\net5.0\wwwroot\_framework\dotnet.wasm.gz = src\bin\Debug\net5.0\wwwroot\_framework\dotnet.wasm.gz
		src\bin\Debug\net5.0\wwwroot\_framework\icudt.dat = src\bin\Debug\net5.0\wwwroot\_framework\icudt.dat
		src\bin\Debug\net5.0\wwwroot\_framework\icudt.dat.gz = src\bin\Debug\net5.0\wwwroot\_framework\icudt.dat.gz
		src\bin\Debug\net5.0\wwwroot\_framework\icudt_CJK.dat = src\bin\Debug\net5.0\wwwroot\_framework\icudt_CJK.dat
		src\bin\Debug\net5.0\wwwroot\_framework\icudt_CJK.dat.gz = src\bin\Debug\net5.0\wwwroot\_framework\icudt_CJK.dat.gz
		src\bin\Debug\net5.0\wwwroot\_framework\icudt_EFIGS.dat = src\bin\Debug\net5.0\wwwroot\_framework\icudt_EFIGS.dat
		src\bin\Debug\net5.0\wwwroot\_framework\icudt_EFIGS.dat.gz = src\bin\Debug\net5.0\wwwroot\_framework\icudt_EFIGS.dat.gz
		src\bin\Debug\net5.0\wwwroot\_framework\icudt_no_CJK.dat = src\bin\Debug\net5.0\wwwroot\_framework\icudt_no_CJK.dat
		src\bin\Debug\net5.0\wwwroot\_framework\icudt_no_CJK.dat.gz = src\bin\Debug\net5.0\wwwroot\_framework\icudt_no_CJK.dat.gz
		src\bin\Debug\net5.0\wwwroot\_framework\Microsoft.AspNetCore.Authorization.dll = src\bin\Debug\net5.0\wwwroot\_framework\Microsoft.AspNetCore.Authorization.dll
		src\bin\Debug\net5.0\wwwroot\_framework\Microsoft.AspNetCore.Authorization.dll.gz = src\bin\Debug\net5.0\wwwroot\_framework\Microsoft.AspNetCore.Authorization.dll.gz
		src\bin\Debug\net5.0\wwwroot\_framework\Microsoft.AspNetCore.Components.dll = src\bin\Debug\net5.0\wwwroot\_framework\Microsoft.AspNetCore.Components.dll
		src\bin\Debug\net5.0\wwwroot\_framework\Microsoft.AspNetCore.Components.dll.gz = src\bin\Debug\net5.0\wwwroot\_framework\Microsoft.AspNetCore.Components.dll.gz
		src\bin\Debug\net5.0\wwwroot\_framework\Microsoft.AspNetCore.Components.Forms.dll = src\bin\Debug\net5.0\wwwroot\_framework\Microsoft.AspNetCore.Components.Forms.dll
		src\bin\Debug\net5.0\wwwroot\_framework\Microsoft.AspNetCore.Components.Forms.dll.gz = src\bin\Debug\net5.0\wwwroot\_framework\Microsoft.AspNetCore.Components.Forms.dll.gz
		src\bin\Debug\net5.0\wwwroot\_framework\Microsoft.AspNetCore.Components.Web.dll = src\bin\Debug\net5.0\wwwroot\_framework\Microsoft.AspNetCore.Components.Web.dll
		src\bin\Debug\net5.0\wwwroot\_framework\Microsoft.AspNetCore.Components.Web.dll.gz = src\bin\Debug\net5.0\wwwroot\_framework\Microsoft.AspNetCore.Components.Web.dll.gz
		src\bin\Debug\net5.0\wwwroot\_framework\Microsoft.AspNetCore.Components.WebAssembly.dll = src\bin\Debug\net5.0\wwwroot\_framework\Microsoft.AspNetCore.Components.WebAssembly.dll
		src\bin\Debug\net5.0\wwwroot\_framework\Microsoft.AspNetCore.Components.WebAssembly.dll.gz = src\bin\Debug\net5.0\wwwroot\_framework\Microsoft.AspNetCore.Components.WebAssembly.dll.gz
		src\bin\Debug\net5.0\wwwroot\_framework\Microsoft.AspNetCore.Metadata.dll = src\bin\Debug\net5.0\wwwroot\_framework\Microsoft.AspNetCore.Metadata.dll
		src\bin\Debug\net5.0\wwwroot\_framework\Microsoft.AspNetCore.Metadata.dll.gz = src\bin\Debug\net5.0\wwwroot\_framework\Microsoft.AspNetCore.Metadata.dll.gz
		src\bin\Debug\net5.0\wwwroot\_framework\Microsoft.CSharp.dll = src\bin\Debug\net5.0\wwwroot\_framework\Microsoft.CSharp.dll
		src\bin\Debug\net5.0\wwwroot\_framework\Microsoft.CSharp.dll.gz = src\bin\Debug\net5.0\wwwroot\_framework\Microsoft.CSharp.dll.gz
		src\bin\Debug\net5.0\wwwroot\_framework\Microsoft.Extensions.Configuration.Abstractions.dll = src\bin\Debug\net5.0\wwwroot\_framework\Microsoft.Extensions.Configuration.Abstractions.dll
		src\bin\Debug\net5.0\wwwroot\_framework\Microsoft.Extensions.Configuration.Abstractions.dll.gz = src\bin\Debug\net5.0\wwwroot\_framework\Microsoft.Extensions.Configuration.Abstractions.dll.gz
		src\bin\Debug\net5.0\wwwroot\_framework\Microsoft.Extensions.Configuration.Binder.dll = src\bin\Debug\net5.0\wwwroot\_framework\Microsoft.Extensions.Configuration.Binder.dll
		src\bin\Debug\net5.0\wwwroot\_framework\Microsoft.Extensions.Configuration.Binder.dll.gz = src\bin\Debug\net5.0\wwwroot\_framework\Microsoft.Extensions.Configuration.Binder.dll.gz
		src\bin\Debug\net5.0\wwwroot\_framework\Microsoft.Extensions.Configuration.dll = src\bin\Debug\net5.0\wwwroot\_framework\Microsoft.Extensions.Configuration.dll
		src\bin\Debug\net5.0\wwwroot\_framework\Microsoft.Extensions.Configuration.dll.gz = src\bin\Debug\net5.0\wwwroot\_framework\Microsoft.Extensions.Configuration.dll.gz
		src\bin\Debug\net5.0\wwwroot\_framework\Microsoft.Extensions.Configuration.FileExtensions.dll = src\bin\Debug\net5.0\wwwroot\_framework\Microsoft.Extensions.Configuration.FileExtensions.dll
		src\bin\Debug\net5.0\wwwroot\_framework\Microsoft.Extensions.Configuration.FileExtensions.dll.gz = src\bin\Debug\net5.0\wwwroot\_framework\Microsoft.Extensions.Configuration.FileExtensions.dll.gz
		src\bin\Debug\net5.0\wwwroot\_framework\Microsoft.Extensions.Configuration.Json.dll = src\bin\Debug\net5.0\wwwroot\_framework\Microsoft.Extensions.Configuration.Json.dll
		src\bin\Debug\net5.0\wwwroot\_framework\Microsoft.Extensions.Configuration.Json.dll.gz = src\bin\Debug\net5.0\wwwroot\_framework\Microsoft.Extensions.Configuration.Json.dll.gz
		src\bin\Debug\net5.0\wwwroot\_framework\Microsoft.Extensions.DependencyInjection.Abstractions.dll = src\bin\Debug\net5.0\wwwroot\_framework\Microsoft.Extensions.DependencyInjection.Abstractions.dll
		src\bin\Debug\net5.0\wwwroot\_framework\Microsoft.Extensions.DependencyInjection.Abstractions.dll.gz = src\bin\Debug\net5.0\wwwroot\_framework\Microsoft.Extensions.DependencyInjection.Abstractions.dll.gz
		src\bin\Debug\net5.0\wwwroot\_framework\Microsoft.Extensions.DependencyInjection.dll = src\bin\Debug\net5.0\wwwroot\_framework\Microsoft.Extensions.DependencyInjection.dll
		src\bin\Debug\net5.0\wwwroot\_framework\Microsoft.Extensions.DependencyInjection.dll.gz = src\bin\Debug\net5.0\wwwroot\_framework\Microsoft.Extensions.DependencyInjection.dll.gz
		src\bin\Debug\net5.0\wwwroot\_framework\Microsoft.Extensions.FileProviders.Abstractions.dll = src\bin\Debug\net5.0\wwwroot\_framework\Microsoft.Extensions.FileProviders.Abstractions.dll
		src\bin\Debug\net5.0\wwwroot\_framework\Microsoft.Extensions.FileProviders.Abstractions.dll.gz = src\bin\Debug\net5.0\wwwroot\_framework\Microsoft.Extensions.FileProviders.Abstractions.dll.gz
		src\bin\Debug\net5.0\wwwroot\_framework\Microsoft.Extensions.FileProviders.Physical.dll = src\bin\Debug\net5.0\wwwroot\_framework\Microsoft.Extensions.FileProviders.Physical.dll
		src\bin\Debug\net5.0\wwwroot\_framework\Microsoft.Extensions.FileProviders.Physical.dll.gz = src\bin\Debug\net5.0\wwwroot\_framework\Microsoft.Extensions.FileProviders.Physical.dll.gz
		src\bin\Debug\net5.0\wwwroot\_framework\Microsoft.Extensions.FileSystemGlobbing.dll = src\bin\Debug\net5.0\wwwroot\_framework\Microsoft.Extensions.FileSystemGlobbing.dll
		src\bin\Debug\net5.0\wwwroot\_framework\Microsoft.Extensions.FileSystemGlobbing.dll.gz = src\bin\Debug\net5.0\wwwroot\_framework\Microsoft.Extensions.FileSystemGlobbing.dll.gz
		src\bin\Debug\net5.0\wwwroot\_framework\Microsoft.Extensions.Logging.Abstractions.dll = src\bin\Debug\net5.0\wwwroot\_framework\Microsoft.Extensions.Logging.Abstractions.dll
		src\bin\Debug\net5.0\wwwroot\_framework\Microsoft.Extensions.Logging.Abstractions.dll.gz = src\bin\Debug\net5.0\wwwroot\_framework\Microsoft.Extensions.Logging.Abstractions.dll.gz
		src\bin\Debug\net5.0\wwwroot\_framework\Microsoft.Extensions.Logging.dll = src\bin\Debug\net5.0\wwwroot\_framework\Microsoft.Extensions.Logging.dll
		src\bin\Debug\net5.0\wwwroot\_framework\Microsoft.Extensions.Logging.dll.gz = src\bin\Debug\net5.0\wwwroot\_framework\Microsoft.Extensions.Logging.dll.gz
		src\bin\Debug\net5.0\wwwroot\_framework\Microsoft.Extensions.Options.dll = src\bin\Debug\net5.0\wwwroot\_framework\Microsoft.Extensions.Options.dll
		src\bin\Debug\net5.0\wwwroot\_framework\Microsoft.Extensions.Options.dll.gz = src\bin\Debug\net5.0\wwwroot\_framework\Microsoft.Extensions.Options.dll.gz
		src\bin\Debug\net5.0\wwwroot\_framework\Microsoft.Extensions.Primitives.dll = src\bin\Debug\net5.0\wwwroot\_framework\Microsoft.Extensions.Primitives.dll
		src\bin\Debug\net5.0\wwwroot\_framework\Microsoft.Extensions.Primitives.dll.gz = src\bin\Debug\net5.0\wwwroot\_framework\Microsoft.Extensions.Primitives.dll.gz
		src\bin\Debug\net5.0\wwwroot\_framework\Microsoft.JSInterop.dll = src\bin\Debug\net5.0\wwwroot\_framework\Microsoft.JSInterop.dll
		src\bin\Debug\net5.0\wwwroot\_framework\Microsoft.JSInterop.dll.gz = src\bin\Debug\net5.0\wwwroot\_framework\Microsoft.JSInterop.dll.gz
		src\bin\Debug\net5.0\wwwroot\_framework\Microsoft.JSInterop.WebAssembly.dll = src\bin\Debug\net5.0\wwwroot\_framework\Microsoft.JSInterop.WebAssembly.dll
		src\bin\Debug\net5.0\wwwroot\_framework\Microsoft.JSInterop.WebAssembly.dll.gz = src\bin\Debug\net5.0\wwwroot\_framework\Microsoft.JSInterop.WebAssembly.dll.gz
		src\bin\Debug\net5.0\wwwroot\_framework\Microsoft.VisualBasic.Core.dll = src\bin\Debug\net5.0\wwwroot\_framework\Microsoft.VisualBasic.Core.dll
		src\bin\Debug\net5.0\wwwroot\_framework\Microsoft.VisualBasic.Core.dll.gz = src\bin\Debug\net5.0\wwwroot\_framework\Microsoft.VisualBasic.Core.dll.gz
		src\bin\Debug\net5.0\wwwroot\_framework\Microsoft.VisualBasic.dll = src\bin\Debug\net5.0\wwwroot\_framework\Microsoft.VisualBasic.dll
		src\bin\Debug\net5.0\wwwroot\_framework\Microsoft.VisualBasic.dll.gz = src\bin\Debug\net5.0\wwwroot\_framework\Microsoft.VisualBasic.dll.gz
		src\bin\Debug\net5.0\wwwroot\_framework\Microsoft.Win32.Primitives.dll = src\bin\Debug\net5.0\wwwroot\_framework\Microsoft.Win32.Primitives.dll
		src\bin\Debug\net5.0\wwwroot\_framework\Microsoft.Win32.Primitives.dll.gz = src\bin\Debug\net5.0\wwwroot\_framework\Microsoft.Win32.Primitives.dll.gz
		src\bin\Debug\net5.0\wwwroot\_framework\Microsoft.Win32.Registry.dll = src\bin\Debug\net5.0\wwwroot\_framework\Microsoft.Win32.Registry.dll
		src\bin\Debug\net5.0\wwwroot\_framework\Microsoft.Win32.Registry.dll.gz = src\bin\Debug\net5.0\wwwroot\_framework\Microsoft.Win32.Registry.dll.gz
		src\bin\Debug\net5.0\wwwroot\_framework\mscorlib.dll = src\bin\Debug\net5.0\wwwroot\_framework\mscorlib.dll
		src\bin\Debug\net5.0\wwwroot\_framework\mscorlib.dll.gz = src\bin\Debug\net5.0\wwwroot\_framework\mscorlib.dll.gz
		src\bin\Debug\net5.0\wwwroot\_framework\netstandard.dll = src\bin\Debug\net5.0\wwwroot\_framework\netstandard.dll
		src\bin\Debug\net5.0\wwwroot\_framework\netstandard.dll.gz = src\bin\Debug\net5.0\wwwroot\_framework\netstandard.dll.gz
		src\bin\Debug\net5.0\wwwroot\_framework\NorthwindPwa.dll = src\bin\Debug\net5.0\wwwroot\_framework\NorthwindPwa.dll
		src\bin\Debug\net5.0\wwwroot\_framework\NorthwindPwa.pdb = src\bin\Debug\net5.0\wwwroot\_framework\NorthwindPwa.pdb
		src\bin\Debug\net5.0\wwwroot\_framework\System.AppContext.dll = src\bin\Debug\net5.0\wwwroot\_framework\System.AppContext.dll
		src\bin\Debug\net5.0\wwwroot\_framework\System.AppContext.dll.gz = src\bin\Debug\net5.0\wwwroot\_framework\System.AppContext.dll.gz
		src\bin\Debug\net5.0\wwwroot\_framework\System.Buffers.dll = src\bin\Debug\net5.0\wwwroot\_framework\System.Buffers.dll
		src\bin\Debug\net5.0\wwwroot\_framework\System.Buffers.dll.gz = src\bin\Debug\net5.0\wwwroot\_framework\System.Buffers.dll.gz
		src\bin\Debug\net5.0\wwwroot\_framework\System.Collections.Concurrent.dll = src\bin\Debug\net5.0\wwwroot\_framework\System.Collections.Concurrent.dll
		src\bin\Debug\net5.0\wwwroot\_framework\System.Collections.Concurrent.dll.gz = src\bin\Debug\net5.0\wwwroot\_framework\System.Collections.Concurrent.dll.gz
		src\bin\Debug\net5.0\wwwroot\_framework\System.Collections.dll = src\bin\Debug\net5.0\wwwroot\_framework\System.Collections.dll
		src\bin\Debug\net5.0\wwwroot\_framework\System.Collections.dll.gz = src\bin\Debug\net5.0\wwwroot\_framework\System.Collections.dll.gz
		src\bin\Debug\net5.0\wwwroot\_framework\System.Collections.Immutable.dll = src\bin\Debug\net5.0\wwwroot\_framework\System.Collections.Immutable.dll
		src\bin\Debug\net5.0\wwwroot\_framework\System.Collections.Immutable.dll.gz = src\bin\Debug\net5.0\wwwroot\_framework\System.Collections.Immutable.dll.gz
		src\bin\Debug\net5.0\wwwroot\_framework\System.Collections.NonGeneric.dll = src\bin\Debug\net5.0\wwwroot\_framework\System.Collections.NonGeneric.dll
		src\bin\Debug\net5.0\wwwroot\_framework\System.Collections.NonGeneric.dll.gz = src\bin\Debug\net5.0\wwwroot\_framework\System.Collections.NonGeneric.dll.gz
		src\bin\Debug\net5.0\wwwroot\_framework\System.Collections.Specialized.dll = src\bin\Debug\net5.0\wwwroot\_framework\System.Collections.Specialized.dll
		src\bin\Debug\net5.0\wwwroot\_framework\System.Collections.Specialized.dll.gz = src\bin\Debug\net5.0\wwwroot\_framework\System.Collections.Specialized.dll.gz
		src\bin\Debug\net5.0\wwwroot\_framework\System.ComponentModel.Annotations.dll = src\bin\Debug\net5.0\wwwroot\_framework\System.ComponentModel.Annotations.dll
		src\bin\Debug\net5.0\wwwroot\_framework\System.ComponentModel.Annotations.dll.gz = src\bin\Debug\net5.0\wwwroot\_framework\System.ComponentModel.Annotations.dll.gz
		src\bin\Debug\net5.0\wwwroot\_framework\System.ComponentModel.DataAnnotations.dll = src\bin\Debug\net5.0\wwwroot\_framework\System.ComponentModel.DataAnnotations.dll
		src\bin\Debug\net5.0\wwwroot\_framework\System.ComponentModel.DataAnnotations.dll.gz = src\bin\Debug\net5.0\wwwroot\_framework\System.ComponentModel.DataAnnotations.dll.gz
		src\bin\Debug\net5.0\wwwroot\_framework\System.ComponentModel.dll = src\bin\Debug\net5.0\wwwroot\_framework\System.ComponentModel.dll
		src\bin\Debug\net5.0\wwwroot\_framework\System.ComponentModel.dll.gz = src\bin\Debug\net5.0\wwwroot\_framework\System.ComponentModel.dll.gz
		src\bin\Debug\net5.0\wwwroot\_framework\System.ComponentModel.EventBasedAsync.dll = src\bin\Debug\net5.0\wwwroot\_framework\System.ComponentModel.EventBasedAsync.dll
		src\bin\Debug\net5.0\wwwroot\_framework\System.ComponentModel.EventBasedAsync.dll.gz = src\bin\Debug\net5.0\wwwroot\_framework\System.ComponentModel.EventBasedAsync.dll.gz
		src\bin\Debug\net5.0\wwwroot\_framework\System.ComponentModel.Primitives.dll = src\bin\Debug\net5.0\wwwroot\_framework\System.ComponentModel.Primitives.dll
		src\bin\Debug\net5.0\wwwroot\_framework\System.ComponentModel.Primitives.dll.gz = src\bin\Debug\net5.0\wwwroot\_framework\System.ComponentModel.Primitives.dll.gz
		src\bin\Debug\net5.0\wwwroot\_framework\System.ComponentModel.TypeConverter.dll = src\bin\Debug\net5.0\wwwroot\_framework\System.ComponentModel.TypeConverter.dll
		src\bin\Debug\net5.0\wwwroot\_framework\System.ComponentModel.TypeConverter.dll.gz = src\bin\Debug\net5.0\wwwroot\_framework\System.ComponentModel.TypeConverter.dll.gz
		src\bin\Debug\net5.0\wwwroot\_framework\System.Configuration.dll = src\bin\Debug\net5.0\wwwroot\_framework\System.Configuration.dll
		src\bin\Debug\net5.0\wwwroot\_framework\System.Configuration.dll.gz = src\bin\Debug\net5.0\wwwroot\_framework\System.Configuration.dll.gz
		src\bin\Debug\net5.0\wwwroot\_framework\System.Console.dll = src\bin\Debug\net5.0\wwwroot\_framework\System.Console.dll
		src\bin\Debug\net5.0\wwwroot\_framework\System.Console.dll.gz = src\bin\Debug\net5.0\wwwroot\_framework\System.Console.dll.gz
		src\bin\Debug\net5.0\wwwroot\_framework\System.Core.dll = src\bin\Debug\net5.0\wwwroot\_framework\System.Core.dll
		src\bin\Debug\net5.0\wwwroot\_framework\System.Core.dll.gz = src\bin\Debug\net5.0\wwwroot\_framework\System.Core.dll.gz
		src\bin\Debug\net5.0\wwwroot\_framework\System.Data.Common.dll = src\bin\Debug\net5.0\wwwroot\_framework\System.Data.Common.dll
		src\bin\Debug\net5.0\wwwroot\_framework\System.Data.Common.dll.gz = src\bin\Debug\net5.0\wwwroot\_framework\System.Data.Common.dll.gz
		src\bin\Debug\net5.0\wwwroot\_framework\System.Data.DataSetExtensions.dll = src\bin\Debug\net5.0\wwwroot\_framework\System.Data.DataSetExtensions.dll
		src\bin\Debug\net5.0\wwwroot\_framework\System.Data.DataSetExtensions.dll.gz = src\bin\Debug\net5.0\wwwroot\_framework\System.Data.DataSetExtensions.dll.gz
		src\bin\Debug\net5.0\wwwroot\_framework\System.Data.dll = src\bin\Debug\net5.0\wwwroot\_framework\System.Data.dll
		src\bin\Debug\net5.0\wwwroot\_framework\System.Data.dll.gz = src\bin\Debug\net5.0\wwwroot\_framework\System.Data.dll.gz
		src\bin\Debug\net5.0\wwwroot\_framework\System.Diagnostics.Contracts.dll = src\bin\Debug\net5.0\wwwroot\_framework\System.Diagnostics.Contracts.dll
		src\bin\Debug\net5.0\wwwroot\_framework\System.Diagnostics.Contracts.dll.gz = src\bin\Debug\net5.0\wwwroot\_framework\System.Diagnostics.Contracts.dll.gz
		src\bin\Debug\net5.0\wwwroot\_framework\System.Diagnostics.Debug.dll = src\bin\Debug\net5.0\wwwroot\_framework\System.Diagnostics.Debug.dll
		src\bin\Debug\net5.0\wwwroot\_framework\System.Diagnostics.Debug.dll.gz = src\bin\Debug\net5.0\wwwroot\_framework\System.Diagnostics.Debug.dll.gz
		src\bin\Debug\net5.0\wwwroot\_framework\System.Diagnostics.DiagnosticSource.dll = src\bin\Debug\net5.0\wwwroot\_framework\System.Diagnostics.DiagnosticSource.dll
		src\bin\Debug\net5.0\wwwroot\_framework\System.Diagnostics.DiagnosticSource.dll.gz = src\bin\Debug\net5.0\wwwroot\_framework\System.Diagnostics.DiagnosticSource.dll.gz
		src\bin\Debug\net5.0\wwwroot\_framework\System.Diagnostics.FileVersionInfo.dll = src\bin\Debug\net5.0\wwwroot\_framework\System.Diagnostics.FileVersionInfo.dll
		src\bin\Debug\net5.0\wwwroot\_framework\System.Diagnostics.FileVersionInfo.dll.gz = src\bin\Debug\net5.0\wwwroot\_framework\System.Diagnostics.FileVersionInfo.dll.gz
		src\bin\Debug\net5.0\wwwroot\_framework\System.Diagnostics.Process.dll = src\bin\Debug\net5.0\wwwroot\_framework\System.Diagnostics.Process.dll
		src\bin\Debug\net5.0\wwwroot\_framework\System.Diagnostics.Process.dll.gz = src\bin\Debug\net5.0\wwwroot\_framework\System.Diagnostics.Process.dll.gz
		src\bin\Debug\net5.0\wwwroot\_framework\System.Diagnostics.StackTrace.dll = src\bin\Debug\net5.0\wwwroot\_framework\System.Diagnostics.StackTrace.dll
		src\bin\Debug\net5.0\wwwroot\_framework\System.Diagnostics.StackTrace.dll.gz = src\bin\Debug\net5.0\wwwroot\_framework\System.Diagnostics.StackTrace.dll.gz
		src\bin\Debug\net5.0\wwwroot\_framework\System.Diagnostics.TextWriterTraceListener.dll = src\bin\Debug\net5.0\wwwroot\_framework\System.Diagnostics.TextWriterTraceListener.dll
		src\bin\Debug\net5.0\wwwroot\_framework\System.Diagnostics.TextWriterTraceListener.dll.gz = src\bin\Debug\net5.0\wwwroot\_framework\System.Diagnostics.TextWriterTraceListener.dll.gz
		src\bin\Debug\net5.0\wwwroot\_framework\System.Diagnostics.Tools.dll = src\bin\Debug\net5.0\wwwroot\_framework\System.Diagnostics.Tools.dll
		src\bin\Debug\net5.0\wwwroot\_framework\System.Diagnostics.Tools.dll.gz = src\bin\Debug\net5.0\wwwroot\_framework\System.Diagnostics.Tools.dll.gz
		src\bin\Debug\net5.0\wwwroot\_framework\System.Diagnostics.TraceSource.dll = src\bin\Debug\net5.0\wwwroot\_framework\System.Diagnostics.TraceSource.dll
		src\bin\Debug\net5.0\wwwroot\_framework\System.Diagnostics.TraceSource.dll.gz = src\bin\Debug\net5.0\wwwroot\_framework\System.Diagnostics.TraceSource.dll.gz
		src\bin\Debug\net5.0\wwwroot\_framework\System.Diagnostics.Tracing.dll = src\bin\Debug\net5.0\wwwroot\_framework\System.Diagnostics.Tracing.dll
		src\bin\Debug\net5.0\wwwroot\_framework\System.Diagnostics.Tracing.dll.gz = src\bin\Debug\net5.0\wwwroot\_framework\System.Diagnostics.Tracing.dll.gz
		src\bin\Debug\net5.0\wwwroot\_framework\System.dll = src\bin\Debug\net5.0\wwwroot\_framework\System.dll
		src\bin\Debug\net5.0\wwwroot\_framework\System.dll.gz = src\bin\Debug\net5.0\wwwroot\_framework\System.dll.gz
		src\bin\Debug\net5.0\wwwroot\_framework\System.Drawing.dll = src\bin\Debug\net5.0\wwwroot\_framework\System.Drawing.dll
		src\bin\Debug\net5.0\wwwroot\_framework\System.Drawing.dll.gz = src\bin\Debug\net5.0\wwwroot\_framework\System.Drawing.dll.gz
		src\bin\Debug\net5.0\wwwroot\_framework\System.Drawing.Primitives.dll = src\bin\Debug\net5.0\wwwroot\_framework\System.Drawing.Primitives.dll
		src\bin\Debug\net5.0\wwwroot\_framework\System.Drawing.Primitives.dll.gz = src\bin\Debug\net5.0\wwwroot\_framework\System.Drawing.Primitives.dll.gz
		src\bin\Debug\net5.0\wwwroot\_framework\System.Dynamic.Runtime.dll = src\bin\Debug\net5.0\wwwroot\_framework\System.Dynamic.Runtime.dll
		src\bin\Debug\net5.0\wwwroot\_framework\System.Dynamic.Runtime.dll.gz = src\bin\Debug\net5.0\wwwroot\_framework\System.Dynamic.Runtime.dll.gz
		src\bin\Debug\net5.0\wwwroot\_framework\System.Formats.Asn1.dll = src\bin\Debug\net5.0\wwwroot\_framework\System.Formats.Asn1.dll
		src\bin\Debug\net5.0\wwwroot\_framework\System.Formats.Asn1.dll.gz = src\bin\Debug\net5.0\wwwroot\_framework\System.Formats.Asn1.dll.gz
		src\bin\Debug\net5.0\wwwroot\_framework\System.Globalization.Calendars.dll = src\bin\Debug\net5.0\wwwroot\_framework\System.Globalization.Calendars.dll
		src\bin\Debug\net5.0\wwwroot\_framework\System.Globalization.Calendars.dll.gz = src\bin\Debug\net5.0\wwwroot\_framework\System.Globalization.Calendars.dll.gz
		src\bin\Debug\net5.0\wwwroot\_framework\System.Globalization.dll = src\bin\Debug\net5.0\wwwroot\_framework\System.Globalization.dll
		src\bin\Debug\net5.0\wwwroot\_framework\System.Globalization.dll.gz = src\bin\Debug\net5.0\wwwroot\_framework\System.Globalization.dll.gz
		src\bin\Debug\net5.0\wwwroot\_framework\System.Globalization.Extensions.dll = src\bin\Debug\net5.0\wwwroot\_framework\System.Globalization.Extensions.dll
		src\bin\Debug\net5.0\wwwroot\_framework\System.Globalization.Extensions.dll.gz = src\bin\Debug\net5.0\wwwroot\_framework\System.Globalization.Extensions.dll.gz
		src\bin\Debug\net5.0\wwwroot\_framework\System.IO.Compression.Brotli.dll = src\bin\Debug\net5.0\wwwroot\_framework\System.IO.Compression.Brotli.dll
		src\bin\Debug\net5.0\wwwroot\_framework\System.IO.Compression.Brotli.dll.gz = src\bin\Debug\net5.0\wwwroot\_framework\System.IO.Compression.Brotli.dll.gz
		src\bin\Debug\net5.0\wwwroot\_framework\System.IO.Compression.dll = src\bin\Debug\net5.0\wwwroot\_framework\System.IO.Compression.dll
		src\bin\Debug\net5.0\wwwroot\_framework\System.IO.Compression.dll.gz = src\bin\Debug\net5.0\wwwroot\_framework\System.IO.Compression.dll.gz
		src\bin\Debug\net5.0\wwwroot\_framework\System.IO.Compression.FileSystem.dll = src\bin\Debug\net5.0\wwwroot\_framework\System.IO.Compression.FileSystem.dll
		src\bin\Debug\net5.0\wwwroot\_framework\System.IO.Compression.FileSystem.dll.gz = src\bin\Debug\net5.0\wwwroot\_framework\System.IO.Compression.FileSystem.dll.gz
		src\bin\Debug\net5.0\wwwroot\_framework\System.IO.Compression.ZipFile.dll = src\bin\Debug\net5.0\wwwroot\_framework\System.IO.Compression.ZipFile.dll
		src\bin\Debug\net5.0\wwwroot\_framework\System.IO.Compression.ZipFile.dll.gz = src\bin\Debug\net5.0\wwwroot\_framework\System.IO.Compression.ZipFile.dll.gz
		src\bin\Debug\net5.0\wwwroot\_framework\System.IO.dll = src\bin\Debug\net5.0\wwwroot\_framework\System.IO.dll
		src\bin\Debug\net5.0\wwwroot\_framework\System.IO.dll.gz = src\bin\Debug\net5.0\wwwroot\_framework\System.IO.dll.gz
		src\bin\Debug\net5.0\wwwroot\_framework\System.IO.FileSystem.AccessControl.dll = src\bin\Debug\net5.0\wwwroot\_framework\System.IO.FileSystem.AccessControl.dll
		src\bin\Debug\net5.0\wwwroot\_framework\System.IO.FileSystem.AccessControl.dll.gz = src\bin\Debug\net5.0\wwwroot\_framework\System.IO.FileSystem.AccessControl.dll.gz
		src\bin\Debug\net5.0\wwwroot\_framework\System.IO.FileSystem.dll = src\bin\Debug\net5.0\wwwroot\_framework\System.IO.FileSystem.dll
		src\bin\Debug\net5.0\wwwroot\_framework\System.IO.FileSystem.dll.gz = src\bin\Debug\net5.0\wwwroot\_framework\System.IO.FileSystem.dll.gz
		src\bin\Debug\net5.0\wwwroot\_framework\System.IO.FileSystem.DriveInfo.dll = src\bin\Debug\net5.0\wwwroot\_framework\System.IO.FileSystem.DriveInfo.dll
		src\bin\Debug\net5.0\wwwroot\_framework\System.IO.FileSystem.DriveInfo.dll.gz = src\bin\Debug\net5.0\wwwroot\_framework\System.IO.FileSystem.DriveInfo.dll.gz
		src\bin\Debug\net5.0\wwwroot\_framework\System.IO.FileSystem.Primitives.dll = src\bin\Debug\net5.0\wwwroot\_framework\System.IO.FileSystem.Primitives.dll
		src\bin\Debug\net5.0\wwwroot\_framework\System.IO.FileSystem.Primitives.dll.gz = src\bin\Debug\net5.0\wwwroot\_framework\System.IO.FileSystem.Primitives.dll.gz
		src\bin\Debug\net5.0\wwwroot\_framework\System.IO.FileSystem.Watcher.dll = src\bin\Debug\net5.0\wwwroot\_framework\System.IO.FileSystem.Watcher.dll
		src\bin\Debug\net5.0\wwwroot\_framework\System.IO.FileSystem.Watcher.dll.gz = src\bin\Debug\net5.0\wwwroot\_framework\System.IO.FileSystem.Watcher.dll.gz
		src\bin\Debug\net5.0\wwwroot\_framework\System.IO.IsolatedStorage.dll = src\bin\Debug\net5.0\wwwroot\_framework\System.IO.IsolatedStorage.dll
		src\bin\Debug\net5.0\wwwroot\_framework\System.IO.IsolatedStorage.dll.gz = src\bin\Debug\net5.0\wwwroot\_framework\System.IO.IsolatedStorage.dll.gz
		src\bin\Debug\net5.0\wwwroot\_framework\System.IO.MemoryMappedFiles.dll = src\bin\Debug\net5.0\wwwroot\_framework\System.IO.MemoryMappedFiles.dll
		src\bin\Debug\net5.0\wwwroot\_framework\System.IO.MemoryMappedFiles.dll.gz = src\bin\Debug\net5.0\wwwroot\_framework\System.IO.MemoryMappedFiles.dll.gz
		src\bin\Debug\net5.0\wwwroot\_framework\System.IO.Pipelines.dll = src\bin\Debug\net5.0\wwwroot\_framework\System.IO.Pipelines.dll
		src\bin\Debug\net5.0\wwwroot\_framework\System.IO.Pipelines.dll.gz = src\bin\Debug\net5.0\wwwroot\_framework\System.IO.Pipelines.dll.gz
		src\bin\Debug\net5.0\wwwroot\_framework\System.IO.Pipes.AccessControl.dll = src\bin\Debug\net5.0\wwwroot\_framework\System.IO.Pipes.AccessControl.dll
		src\bin\Debug\net5.0\wwwroot\_framework\System.IO.Pipes.AccessControl.dll.gz = src\bin\Debug\net5.0\wwwroot\_framework\System.IO.Pipes.AccessControl.dll.gz
		src\bin\Debug\net5.0\wwwroot\_framework\System.IO.Pipes.dll = src\bin\Debug\net5.0\wwwroot\_framework\System.IO.Pipes.dll
		src\bin\Debug\net5.0\wwwroot\_framework\System.IO.Pipes.dll.gz = src\bin\Debug\net5.0\wwwroot\_framework\System.IO.Pipes.dll.gz
		src\bin\Debug\net5.0\wwwroot\_framework\System.IO.UnmanagedMemoryStream.dll = src\bin\Debug\net5.0\wwwroot\_framework\System.IO.UnmanagedMemoryStream.dll
		src\bin\Debug\net5.0\wwwroot\_framework\System.IO.UnmanagedMemoryStream.dll.gz = src\bin\Debug\net5.0\wwwroot\_framework\System.IO.UnmanagedMemoryStream.dll.gz
		src\bin\Debug\net5.0\wwwroot\_framework\System.Linq.dll = src\bin\Debug\net5.0\wwwroot\_framework\System.Linq.dll
		src\bin\Debug\net5.0\wwwroot\_framework\System.Linq.dll.gz = src\bin\Debug\net5.0\wwwroot\_framework\System.Linq.dll.gz
		src\bin\Debug\net5.0\wwwroot\_framework\System.Linq.Expressions.dll = src\bin\Debug\net5.0\wwwroot\_framework\System.Linq.Expressions.dll
		src\bin\Debug\net5.0\wwwroot\_framework\System.Linq.Expressions.dll.gz = src\bin\Debug\net5.0\wwwroot\_framework\System.Linq.Expressions.dll.gz
		src\bin\Debug\net5.0\wwwroot\_framework\System.Linq.Parallel.dll = src\bin\Debug\net5.0\wwwroot\_framework\System.Linq.Parallel.dll
		src\bin\Debug\net5.0\wwwroot\_framework\System.Linq.Parallel.dll.gz = src\bin\Debug\net5.0\wwwroot\_framework\System.Linq.Parallel.dll.gz
		src\bin\Debug\net5.0\wwwroot\_framework\System.Linq.Queryable.dll = src\bin\Debug\net5.0\wwwroot\_framework\System.Linq.Queryable.dll
		src\bin\Debug\net5.0\wwwroot\_framework\System.Linq.Queryable.dll.gz = src\bin\Debug\net5.0\wwwroot\_framework\System.Linq.Queryable.dll.gz
		src\bin\Debug\net5.0\wwwroot\_framework\System.Memory.dll = src\bin\Debug\net5.0\wwwroot\_framework\System.Memory.dll
		src\bin\Debug\net5.0\wwwroot\_framework\System.Memory.dll.gz = src\bin\Debug\net5.0\wwwroot\_framework\System.Memory.dll.gz
		src\bin\Debug\net5.0\wwwroot\_framework\System.Net.dll = src\bin\Debug\net5.0\wwwroot\_framework\System.Net.dll
		src\bin\Debug\net5.0\wwwroot\_framework\System.Net.dll.gz = src\bin\Debug\net5.0\wwwroot\_framework\System.Net.dll.gz
		src\bin\Debug\net5.0\wwwroot\_framework\System.Net.Http.dll = src\bin\Debug\net5.0\wwwroot\_framework\System.Net.Http.dll
		src\bin\Debug\net5.0\wwwroot\_framework\System.Net.Http.dll.gz = src\bin\Debug\net5.0\wwwroot\_framework\System.Net.Http.dll.gz
		src\bin\Debug\net5.0\wwwroot\_framework\System.Net.Http.Json.dll = src\bin\Debug\net5.0\wwwroot\_framework\System.Net.Http.Json.dll
		src\bin\Debug\net5.0\wwwroot\_framework\System.Net.Http.Json.dll.gz = src\bin\Debug\net5.0\wwwroot\_framework\System.Net.Http.Json.dll.gz
		src\bin\Debug\net5.0\wwwroot\_framework\System.Net.HttpListener.dll = src\bin\Debug\net5.0\wwwroot\_framework\System.Net.HttpListener.dll
		src\bin\Debug\net5.0\wwwroot\_framework\System.Net.HttpListener.dll.gz = src\bin\Debug\net5.0\wwwroot\_framework\System.Net.HttpListener.dll.gz
		src\bin\Debug\net5.0\wwwroot\_framework\System.Net.Mail.dll = src\bin\Debug\net5.0\wwwroot\_framework\System.Net.Mail.dll
		src\bin\Debug\net5.0\wwwroot\_framework\System.Net.Mail.dll.gz = src\bin\Debug\net5.0\wwwroot\_framework\System.Net.Mail.dll.gz
		src\bin\Debug\net5.0\wwwroot\_framework\System.Net.NameResolution.dll = src\bin\Debug\net5.0\wwwroot\_framework\System.Net.NameResolution.dll
		src\bin\Debug\net5.0\wwwroot\_framework\System.Net.NameResolution.dll.gz = src\bin\Debug\net5.0\wwwroot\_framework\System.Net.NameResolution.dll.gz
		src\bin\Debug\net5.0\wwwroot\_framework\System.Net.NetworkInformation.dll = src\bin\Debug\net5.0\wwwroot\_framework\System.Net.NetworkInformation.dll
		src\bin\Debug\net5.0\wwwroot\_framework\System.Net.NetworkInformation.dll.gz = src\bin\Debug\net5.0\wwwroot\_framework\System.Net.NetworkInformation.dll.gz
	EndProjectSection
EndProject
Global
	GlobalSection(SolutionConfigurationPlatforms) = preSolution
		Debug|Any CPU = Debug|Any CPU
		Release|Any CPU = Release|Any CPU
	EndGlobalSection
	GlobalSection(ProjectConfigurationPlatforms) = postSolution
		{6FD4E24C-513B-4CBD-AF52-F2A8696BC535}.Debug|Any CPU.ActiveCfg = Debug|Any CPU
		{6FD4E24C-513B-4CBD-AF52-F2A8696BC535}.Debug|Any CPU.Build.0 = Debug|Any CPU
		{6FD4E24C-513B-4CBD-AF52-F2A8696BC535}.Release|Any CPU.ActiveCfg = Release|Any CPU
		{6FD4E24C-513B-4CBD-AF52-F2A8696BC535}.Release|Any CPU.Build.0 = Release|Any CPU
	EndGlobalSection
	GlobalSection(SolutionProperties) = preSolution
		HideSolutionNode = FALSE
	EndGlobalSection
	GlobalSection(NestedProjects) = preSolution
		{13BF13DE-2393-4B34-9C7C-E27909A90A55} = {324EF5E0-ED79-40AD-A04F-EA0125AD4727}
		{9957D1CB-3BC4-496E-B5F1-6946C2E795C2} = {13BF13DE-2393-4B34-9C7C-E27909A90A55}
		{36B87436-D2FA-41AB-8132-B90559356CDA} = {9957D1CB-3BC4-496E-B5F1-6946C2E795C2}
		{580DF637-410A-45DD-BB06-6FA95E28BC4A} = {324EF5E0-ED79-40AD-A04F-EA0125AD4727}
		{7CB7CA74-DF32-4CB8-8038-2358EA05BB45} = {580DF637-410A-45DD-BB06-6FA95E28BC4A}
		{4B596D17-FB11-47B4-81E6-CCBDF1B363FA} = {7CB7CA74-DF32-4CB8-8038-2358EA05BB45}
		{C4F8E11D-C1F9-483D-B8FB-C93AD137A12E} = {4B596D17-FB11-47B4-81E6-CCBDF1B363FA}
		{39763F40-732E-4E73-B4E9-E7EDA708BE63} = {4B596D17-FB11-47B4-81E6-CCBDF1B363FA}
		{3ABDAD9F-15A3-44E5-8644-38204CD56ED3} = {39763F40-732E-4E73-B4E9-E7EDA708BE63}
	EndGlobalSection
	GlobalSection(ExtensibilityGlobals) = postSolution
		SolutionGuid = {D8741228-0EE4-45CF-BB33-B89AF7F1C33A}
	EndGlobalSection
EndGlobal
